
Microsoft Visual Studio Solution File, Format Version 12.00
# Visual Studio Version 17
VisualStudioVersion = 17.11.35327.3
MinimumVisualStudioVersion = 10.0.40219.1
Project("{FAE04EC0-301F-11D3-BF4B-00C04F79EFBC}") = "MemoireWinForms", "MemoireWinForms\MemoireWinForms.csproj", "{8142AECB-EAAF-470B-96D6-9E9D9B121695}"
EndProject
Global
	GlobalSection(SolutionConfigurationPlatforms) = preSolution
		Debug|Any CPU = Debug|Any CPU
		Release|Any CPU = Release|Any CPU
	EndGlobalSection
	GlobalSection(ProjectConfigurationPlatforms) = postSolution
		{8142AECB-EAAF-470B-96D6-9E9D9B121695}.Debug|Any CPU.ActiveCfg = Debug|Any CPU
		{8142AECB-EAAF-470B-96D6-9E9D9B121695}.Debug|Any CPU.Build.0 = Debug|Any CPU
		{8142AECB-EAAF-470B-96D6-9E9D9B121695}.Release|Any CPU.ActiveCfg = Release|Any CPU
		{8142AECB-EAAF-470B-96D6-9E9D9B121695}.Release|Any CPU.Build.0 = Release|Any CPU
	EndGlobalSection
	GlobalSection(SolutionProperties) = preSolution
		HideSolutionNode = FALSE
	EndGlobalSection
	GlobalSection(ExtensibilityGlobals) = postSolution
		SolutionGuid = {CA74BDA8-88A1-483F-BDD5-576D57F8107B}
	EndGlobalSection
EndGlobal
